
Microsoft Visual Studio Solution File, Format Version 12.00
# Visual Studio Version 16
VisualStudioVersion = 16.0.31702.278
MinimumVisualStudioVersion = 10.0.40219.1
Project("{9A19103F-16F7-4668-BE54-9A1E7A4F7556}") = "ConsoleChessApp2", "ConsoleChessApp2\ConsoleChessApp2.csproj", "{A1CFF6DC-461E-4A5B-8A9A-FE693B843637}"
EndProject
Project("{9A19103F-16F7-4668-BE54-9A1E7A4F7556}") = "ChessModel2", "ChessModel2\ChessModel2.csproj", "{23DD0177-E551-4D98-91F0-726B332BE57C}"
EndProject
Global
	GlobalSection(SolutionConfigurationPlatforms) = preSolution
		Debug|Any CPU = Debug|Any CPU
		Release|Any CPU = Release|Any CPU
	EndGlobalSection
	GlobalSection(ProjectConfigurationPlatforms) = postSolution
		{A1CFF6DC-461E-4A5B-8A9A-FE693B843637}.Debug|Any CPU.ActiveCfg = Debug|Any CPU
		{A1CFF6DC-461E-4A5B-8A9A-FE693B843637}.Debug|Any CPU.Build.0 = Debug|Any CPU
		{A1CFF6DC-461E-4A5B-8A9A-FE693B843637}.Release|Any CPU.ActiveCfg = Release|Any CPU
		{A1CFF6DC-461E-4A5B-8A9A-FE693B843637}.Release|Any CPU.Build.0 = Release|Any CPU
		{23DD0177-E551-4D98-91F0-726B332BE57C}.Debug|Any CPU.ActiveCfg = Debug|Any CPU
		{23DD0177-E551-4D98-91F0-726B332BE57C}.Debug|Any CPU.Build.0 = Debug|Any CPU
		{23DD0177-E551-4D98-91F0-726B332BE57C}.Release|Any CPU.ActiveCfg = Release|Any CPU
		{23DD0177-E551-4D98-91F0-726B332BE57C}.Release|Any CPU.Build.0 = Release|Any CPU
	EndGlobalSection
	GlobalSection(SolutionProperties) = preSolution
		HideSolutionNode = FALSE
	EndGlobalSection
	GlobalSection(ExtensibilityGlobals) = postSolution
		SolutionGuid = {FEEDAD15-EBDC-47F4-B996-115D091725FD}
	EndGlobalSection
EndGlobal
