
Microsoft Visual Studio Solution File, Format Version 12.00
# Visual Studio Version 16
VisualStudioVersion = 16.0.31702.278
MinimumVisualStudioVersion = 10.0.40219.1
Project("{9A19103F-16F7-4668-BE54-9A1E7A4F7556}") = "ChessModel", "ConsoleChessApp\ChessModel.csproj", "{B2930982-F34E-4F4E-AA2C-80420EAA116E}"
EndProject
Project("{9A19103F-16F7-4668-BE54-9A1E7A4F7556}") = "ConsoleChessApp", "ChessModel\ConsoleChessApp.csproj", "{75E7C49F-54ED-469E-A349-E59432991DE5}"
EndProject
Global
	GlobalSection(SolutionConfigurationPlatforms) = preSolution
		Debug|Any CPU = Debug|Any CPU
		Release|Any CPU = Release|Any CPU
	EndGlobalSection
	GlobalSection(ProjectConfigurationPlatforms) = postSolution
		{B2930982-F34E-4F4E-AA2C-80420EAA116E}.Debug|Any CPU.ActiveCfg = Debug|Any CPU
		{B2930982-F34E-4F4E-AA2C-80420EAA116E}.Debug|Any CPU.Build.0 = Debug|Any CPU
		{B2930982-F34E-4F4E-AA2C-80420EAA116E}.Release|Any CPU.ActiveCfg = Release|Any CPU
		{B2930982-F34E-4F4E-AA2C-80420EAA116E}.Release|Any CPU.Build.0 = Release|Any CPU
		{75E7C49F-54ED-469E-A349-E59432991DE5}.Debug|Any CPU.ActiveCfg = Debug|Any CPU
		{75E7C49F-54ED-469E-A349-E59432991DE5}.Debug|Any CPU.Build.0 = Debug|Any CPU
		{75E7C49F-54ED-469E-A349-E59432991DE5}.Release|Any CPU.ActiveCfg = Release|Any CPU
		{75E7C49F-54ED-469E-A349-E59432991DE5}.Release|Any CPU.Build.0 = Release|Any CPU
	EndGlobalSection
	GlobalSection(SolutionProperties) = preSolution
		HideSolutionNode = FALSE
	EndGlobalSection
	GlobalSection(ExtensibilityGlobals) = postSolution
		SolutionGuid = {44CED449-851C-404E-BC30-7CCD7FEC3D0C}
	EndGlobalSection
EndGlobal
